// !$*UTF8*$!
{
	archiveVersion = 1;
	classes = {
	};
	objectVersion = 56;
	objects = {

/* Begin PBXBuildFile section */
		4F6B37B42C1FC71B00C48947 /* OneSecondApp.swift in Sources */ = {isa = PBXBuildFile; fileRef = 4F6B37B32C1FC71B00C48947 /* OneSecondApp.swift */; };
		4F6B37B62C1FC71B00C48947 /* ContentView.swift in Sources */ = {isa = PBXBuildFile; fileRef = 4F6B37B52C1FC71B00C48947 /* ContentView.swift */; };
		4F6B37B82C1FC71C00C48947 /* Assets.xcassets in Resources */ = {isa = PBXBuildFile; fileRef = 4F6B37B72C1FC71C00C48947 /* Assets.xcassets */; };
		4F6B37BB2C1FC71C00C48947 /* Preview Assets.xcassets in Resources */ = {isa = PBXBuildFile; fileRef = 4F6B37BA2C1FC71C00C48947 /* Preview Assets.xcassets */; };
		4F6B37C52C1FC71C00C48947 /* OneSecondTests.swift in Sources */ = {isa = PBXBuildFile; fileRef = 4F6B37C42C1FC71C00C48947 /* OneSecondTests.swift */; };
		4F6B37CF2C1FC71C00C48947 /* OneSecondUITests.swift in Sources */ = {isa = PBXBuildFile; fileRef = 4F6B37CE2C1FC71C00C48947 /* OneSecondUITests.swift */; };
		4F6B37D12C1FC71C00C48947 /* OneSecondUITestsLaunchTests.swift in Sources */ = {isa = PBXBuildFile; fileRef = 4F6B37D02C1FC71C00C48947 /* OneSecondUITestsLaunchTests.swift */; };
		4F6B37F02C1FCF8300C48947 /* Pretendard-Medium.otf in Resources */ = {isa = PBXBuildFile; fileRef = 4F6B37E72C1FCF8200C48947 /* Pretendard-Medium.otf */; };
		4F6B37F12C1FCF8300C48947 /* Pretendard-ExtraLight.otf in Resources */ = {isa = PBXBuildFile; fileRef = 4F6B37E82C1FCF8200C48947 /* Pretendard-ExtraLight.otf */; };
		4F6B37F22C1FCF8300C48947 /* Pretendard-Bold.otf in Resources */ = {isa = PBXBuildFile; fileRef = 4F6B37E92C1FCF8200C48947 /* Pretendard-Bold.otf */; };
		4F6B37F32C1FCF8300C48947 /* Pretendard-SemiBold.otf in Resources */ = {isa = PBXBuildFile; fileRef = 4F6B37EA2C1FCF8200C48947 /* Pretendard-SemiBold.otf */; };
		4F6B37F42C1FCF8300C48947 /* Pretendard-Thin.otf in Resources */ = {isa = PBXBuildFile; fileRef = 4F6B37EB2C1FCF8200C48947 /* Pretendard-Thin.otf */; };
		4F6B37F52C1FCF8300C48947 /* Pretendard-Light.otf in Resources */ = {isa = PBXBuildFile; fileRef = 4F6B37EC2C1FCF8200C48947 /* Pretendard-Light.otf */; };
		4F6B37F62C1FCF8300C48947 /* Pretendard-ExtraBold.otf in Resources */ = {isa = PBXBuildFile; fileRef = 4F6B37ED2C1FCF8200C48947 /* Pretendard-ExtraBold.otf */; };
		4F6B37F72C1FCF8300C48947 /* Pretendard-Regular.otf in Resources */ = {isa = PBXBuildFile; fileRef = 4F6B37EE2C1FCF8200C48947 /* Pretendard-Regular.otf */; };
		4F6B37F82C1FCF8300C48947 /* Pretendard-Black.otf in Resources */ = {isa = PBXBuildFile; fileRef = 4F6B37EF2C1FCF8300C48947 /* Pretendard-Black.otf */; };
		4F6B37FB2C1FD07200C48947 /* Pretendard.swift in Sources */ = {isa = PBXBuildFile; fileRef = 4F6B37FA2C1FD07200C48947 /* Pretendard.swift */; };
		4F6B37FD2C1FD89000C48947 /* MusicManager.swift in Sources */ = {isa = PBXBuildFile; fileRef = 4F6B37FC2C1FD89000C48947 /* MusicManager.swift */; };
		4F6B38012C2061A800C48947 /* OnboardingView.swift in Sources */ = {isa = PBXBuildFile; fileRef = 4F6B38002C2061A800C48947 /* OnboardingView.swift */; };
		4F6B38052C20796500C48947 /* Color+.swift in Sources */ = {isa = PBXBuildFile; fileRef = 4F6B38042C20796500C48947 /* Color+.swift */; };
		4F6B38072C20921900C48947 /* SelectYearView.swift in Sources */ = {isa = PBXBuildFile; fileRef = 4F6B38062C20921900C48947 /* SelectYearView.swift */; };
		4F6B380B2C2097C800C48947 /* SelectOptionView.swift in Sources */ = {isa = PBXBuildFile; fileRef = 4F6B380A2C2097C800C48947 /* SelectOptionView.swift */; };
		4F6B380D2C20A80100C48947 /* NavigationManager.swift in Sources */ = {isa = PBXBuildFile; fileRef = 4F6B380C2C20A80100C48947 /* NavigationManager.swift */; };
		4F6B380F2C21138D00C48947 /* QuizView.swift in Sources */ = {isa = PBXBuildFile; fileRef = 4F6B380E2C21138D00C48947 /* QuizView.swift */; };
		4F6B38112C211E3C00C48947 /* YearModel.swift in Sources */ = {isa = PBXBuildFile; fileRef = 4F6B38102C211E3C00C48947 /* YearModel.swift */; };
/* End PBXBuildFile section */

/* Begin PBXContainerItemProxy section */
		4F6B37C12C1FC71C00C48947 /* PBXContainerItemProxy */ = {
			isa = PBXContainerItemProxy;
			containerPortal = 4F6B37A82C1FC71B00C48947 /* Project object */;
			proxyType = 1;
			remoteGlobalIDString = 4F6B37AF2C1FC71B00C48947;
			remoteInfo = OneSecond;
		};
		4F6B37CB2C1FC71C00C48947 /* PBXContainerItemProxy */ = {
			isa = PBXContainerItemProxy;
			containerPortal = 4F6B37A82C1FC71B00C48947 /* Project object */;
			proxyType = 1;
			remoteGlobalIDString = 4F6B37AF2C1FC71B00C48947;
			remoteInfo = OneSecond;
		};
/* End PBXContainerItemProxy section */

/* Begin PBXFileReference section */
		4F6B37B02C1FC71B00C48947 /* OneSecond.app */ = {isa = PBXFileReference; explicitFileType = wrapper.application; includeInIndex = 0; path = OneSecond.app; sourceTree = BUILT_PRODUCTS_DIR; };
		4F6B37B32C1FC71B00C48947 /* OneSecondApp.swift */ = {isa = PBXFileReference; lastKnownFileType = sourcecode.swift; path = OneSecondApp.swift; sourceTree = "<group>"; };
		4F6B37B52C1FC71B00C48947 /* ContentView.swift */ = {isa = PBXFileReference; lastKnownFileType = sourcecode.swift; path = ContentView.swift; sourceTree = "<group>"; };
		4F6B37B72C1FC71C00C48947 /* Assets.xcassets */ = {isa = PBXFileReference; lastKnownFileType = folder.assetcatalog; path = Assets.xcassets; sourceTree = "<group>"; };
		4F6B37BA2C1FC71C00C48947 /* Preview Assets.xcassets */ = {isa = PBXFileReference; lastKnownFileType = folder.assetcatalog; path = "Preview Assets.xcassets"; sourceTree = "<group>"; };
		4F6B37C02C1FC71C00C48947 /* OneSecondTests.xctest */ = {isa = PBXFileReference; explicitFileType = wrapper.cfbundle; includeInIndex = 0; path = OneSecondTests.xctest; sourceTree = BUILT_PRODUCTS_DIR; };
		4F6B37C42C1FC71C00C48947 /* OneSecondTests.swift */ = {isa = PBXFileReference; lastKnownFileType = sourcecode.swift; path = OneSecondTests.swift; sourceTree = "<group>"; };
		4F6B37CA2C1FC71C00C48947 /* OneSecondUITests.xctest */ = {isa = PBXFileReference; explicitFileType = wrapper.cfbundle; includeInIndex = 0; path = OneSecondUITests.xctest; sourceTree = BUILT_PRODUCTS_DIR; };
		4F6B37CE2C1FC71C00C48947 /* OneSecondUITests.swift */ = {isa = PBXFileReference; lastKnownFileType = sourcecode.swift; path = OneSecondUITests.swift; sourceTree = "<group>"; };
		4F6B37D02C1FC71C00C48947 /* OneSecondUITestsLaunchTests.swift */ = {isa = PBXFileReference; lastKnownFileType = sourcecode.swift; path = OneSecondUITestsLaunchTests.swift; sourceTree = "<group>"; };
		4F6B37E72C1FCF8200C48947 /* Pretendard-Medium.otf */ = {isa = PBXFileReference; lastKnownFileType = file; path = "Pretendard-Medium.otf"; sourceTree = "<group>"; };
		4F6B37E82C1FCF8200C48947 /* Pretendard-ExtraLight.otf */ = {isa = PBXFileReference; lastKnownFileType = file; path = "Pretendard-ExtraLight.otf"; sourceTree = "<group>"; };
		4F6B37E92C1FCF8200C48947 /* Pretendard-Bold.otf */ = {isa = PBXFileReference; lastKnownFileType = file; path = "Pretendard-Bold.otf"; sourceTree = "<group>"; };
		4F6B37EA2C1FCF8200C48947 /* Pretendard-SemiBold.otf */ = {isa = PBXFileReference; lastKnownFileType = file; path = "Pretendard-SemiBold.otf"; sourceTree = "<group>"; };
		4F6B37EB2C1FCF8200C48947 /* Pretendard-Thin.otf */ = {isa = PBXFileReference; lastKnownFileType = file; path = "Pretendard-Thin.otf"; sourceTree = "<group>"; };
		4F6B37EC2C1FCF8200C48947 /* Pretendard-Light.otf */ = {isa = PBXFileReference; lastKnownFileType = file; path = "Pretendard-Light.otf"; sourceTree = "<group>"; };
		4F6B37ED2C1FCF8200C48947 /* Pretendard-ExtraBold.otf */ = {isa = PBXFileReference; lastKnownFileType = file; path = "Pretendard-ExtraBold.otf"; sourceTree = "<group>"; };
		4F6B37EE2C1FCF8200C48947 /* Pretendard-Regular.otf */ = {isa = PBXFileReference; lastKnownFileType = file; path = "Pretendard-Regular.otf"; sourceTree = "<group>"; };
		4F6B37EF2C1FCF8300C48947 /* Pretendard-Black.otf */ = {isa = PBXFileReference; lastKnownFileType = file; path = "Pretendard-Black.otf"; sourceTree = "<group>"; };
		4F6B37F92C1FCF9800C48947 /* Info.plist */ = {isa = PBXFileReference; lastKnownFileType = text.plist; path = Info.plist; sourceTree = "<group>"; };
		4F6B37FA2C1FD07200C48947 /* Pretendard.swift */ = {isa = PBXFileReference; lastKnownFileType = sourcecode.swift; path = Pretendard.swift; sourceTree = "<group>"; };
		4F6B37FC2C1FD89000C48947 /* MusicManager.swift */ = {isa = PBXFileReference; lastKnownFileType = sourcecode.swift; path = MusicManager.swift; sourceTree = "<group>"; };
		4F6B38002C2061A800C48947 /* OnboardingView.swift */ = {isa = PBXFileReference; lastKnownFileType = sourcecode.swift; path = OnboardingView.swift; sourceTree = "<group>"; };
		4F6B38042C20796500C48947 /* Color+.swift */ = {isa = PBXFileReference; lastKnownFileType = sourcecode.swift; path = "Color+.swift"; sourceTree = "<group>"; };
		4F6B38062C20921900C48947 /* SelectYearView.swift */ = {isa = PBXFileReference; lastKnownFileType = sourcecode.swift; path = SelectYearView.swift; sourceTree = "<group>"; };
		4F6B380A2C2097C800C48947 /* SelectOptionView.swift */ = {isa = PBXFileReference; lastKnownFileType = sourcecode.swift; path = SelectOptionView.swift; sourceTree = "<group>"; };
		4F6B380C2C20A80100C48947 /* NavigationManager.swift */ = {isa = PBXFileReference; lastKnownFileType = sourcecode.swift; path = NavigationManager.swift; sourceTree = "<group>"; };
		4F6B380E2C21138D00C48947 /* QuizView.swift */ = {isa = PBXFileReference; lastKnownFileType = sourcecode.swift; path = QuizView.swift; sourceTree = "<group>"; };
		4F6B38102C211E3C00C48947 /* YearModel.swift */ = {isa = PBXFileReference; lastKnownFileType = sourcecode.swift; path = YearModel.swift; sourceTree = "<group>"; };
/* End PBXFileReference section */

/* Begin PBXFrameworksBuildPhase section */
		4F6B37AD2C1FC71B00C48947 /* Frameworks */ = {
			isa = PBXFrameworksBuildPhase;
			buildActionMask = 2147483647;
			files = (
			);
			runOnlyForDeploymentPostprocessing = 0;
		};
		4F6B37BD2C1FC71C00C48947 /* Frameworks */ = {
			isa = PBXFrameworksBuildPhase;
			buildActionMask = 2147483647;
			files = (
			);
			runOnlyForDeploymentPostprocessing = 0;
		};
		4F6B37C72C1FC71C00C48947 /* Frameworks */ = {
			isa = PBXFrameworksBuildPhase;
			buildActionMask = 2147483647;
			files = (
			);
			runOnlyForDeploymentPostprocessing = 0;
		};
/* End PBXFrameworksBuildPhase section */

/* Begin PBXGroup section */
		4F6B37A72C1FC71B00C48947 = {
			isa = PBXGroup;
			children = (
				4F6B37B22C1FC71B00C48947 /* OneSecond */,
				4F6B37C32C1FC71C00C48947 /* OneSecondTests */,
				4F6B37CD2C1FC71C00C48947 /* OneSecondUITests */,
				4F6B37B12C1FC71B00C48947 /* Products */,
			);
			sourceTree = "<group>";
		};
		4F6B37B12C1FC71B00C48947 /* Products */ = {
			isa = PBXGroup;
			children = (
				4F6B37B02C1FC71B00C48947 /* OneSecond.app */,
				4F6B37C02C1FC71C00C48947 /* OneSecondTests.xctest */,
				4F6B37CA2C1FC71C00C48947 /* OneSecondUITests.xctest */,
			);
			name = Products;
			sourceTree = "<group>";
		};
		4F6B37B22C1FC71B00C48947 /* OneSecond */ = {
			isa = PBXGroup;
			children = (
				4F6B37F92C1FCF9800C48947 /* Info.plist */,
				4F6B37E32C1FC89000C48947 /* Global */,
				4F6B37E12C1FC86200C48947 /* Resources */,
				4F6B37E02C1FC82900C48947 /* App */,
				4F6B37DF2C1FC7F100C48947 /* Helper */,
				4F6B37DE2C1FC7E700C48947 /* Models */,
				4F6B37DD2C1FC7DE00C48947 /* Views */,
				4F6B37B92C1FC71C00C48947 /* Preview Content */,
			);
			path = OneSecond;
			sourceTree = "<group>";
		};
		4F6B37B92C1FC71C00C48947 /* Preview Content */ = {
			isa = PBXGroup;
			children = (
				4F6B37BA2C1FC71C00C48947 /* Preview Assets.xcassets */,
			);
			path = "Preview Content";
			sourceTree = "<group>";
		};
		4F6B37C32C1FC71C00C48947 /* OneSecondTests */ = {
			isa = PBXGroup;
			children = (
				4F6B37C42C1FC71C00C48947 /* OneSecondTests.swift */,
			);
			path = OneSecondTests;
			sourceTree = "<group>";
		};
		4F6B37CD2C1FC71C00C48947 /* OneSecondUITests */ = {
			isa = PBXGroup;
			children = (
				4F6B37CE2C1FC71C00C48947 /* OneSecondUITests.swift */,
				4F6B37D02C1FC71C00C48947 /* OneSecondUITestsLaunchTests.swift */,
			);
			path = OneSecondUITests;
			sourceTree = "<group>";
		};
		4F6B37DD2C1FC7DE00C48947 /* Views */ = {
			isa = PBXGroup;
			children = (
				4F6B37B52C1FC71B00C48947 /* ContentView.swift */,
				4F6B38002C2061A800C48947 /* OnboardingView.swift */,
				4F6B38062C20921900C48947 /* SelectYearView.swift */,
				4F6B380A2C2097C800C48947 /* SelectOptionView.swift */,
				4F6B380E2C21138D00C48947 /* QuizView.swift */,
			);
			path = Views;
			sourceTree = "<group>";
		};
		4F6B37DE2C1FC7E700C48947 /* Models */ = {
			isa = PBXGroup;
			children = (
				4F6B38102C211E3C00C48947 /* YearModel.swift */,
			);
			path = Models;
			sourceTree = "<group>";
		};
		4F6B37DF2C1FC7F100C48947 /* Helper */ = {
			isa = PBXGroup;
			children = (
				4F6B37FC2C1FD89000C48947 /* MusicManager.swift */,
				4F6B380C2C20A80100C48947 /* NavigationManager.swift */,
			);
			path = Helper;
			sourceTree = "<group>";
		};
		4F6B37E02C1FC82900C48947 /* App */ = {
			isa = PBXGroup;
			children = (
				4F6B37B32C1FC71B00C48947 /* OneSecondApp.swift */,
			);
			path = App;
			sourceTree = "<group>";
		};
		4F6B37E12C1FC86200C48947 /* Resources */ = {
			isa = PBXGroup;
			children = (
				4F6B37E22C1FC88100C48947 /* Fonts */,
				4F6B37B72C1FC71C00C48947 /* Assets.xcassets */,
			);
			path = Resources;
			sourceTree = "<group>";
		};
		4F6B37E22C1FC88100C48947 /* Fonts */ = {
			isa = PBXGroup;
			children = (
				4F6B37EF2C1FCF8300C48947 /* Pretendard-Black.otf */,
				4F6B37E92C1FCF8200C48947 /* Pretendard-Bold.otf */,
				4F6B37ED2C1FCF8200C48947 /* Pretendard-ExtraBold.otf */,
				4F6B37E82C1FCF8200C48947 /* Pretendard-ExtraLight.otf */,
				4F6B37EC2C1FCF8200C48947 /* Pretendard-Light.otf */,
				4F6B37E72C1FCF8200C48947 /* Pretendard-Medium.otf */,
				4F6B37EE2C1FCF8200C48947 /* Pretendard-Regular.otf */,
				4F6B37EA2C1FCF8200C48947 /* Pretendard-SemiBold.otf */,
				4F6B37EB2C1FCF8200C48947 /* Pretendard-Thin.otf */,
			);
			path = Fonts;
			sourceTree = "<group>";
		};
		4F6B37E32C1FC89000C48947 /* Global */ = {
			isa = PBXGroup;
			children = (
				4F6B37FA2C1FD07200C48947 /* Pretendard.swift */,
				4F6B38042C20796500C48947 /* Color+.swift */,
			);
			path = Global;
			sourceTree = "<group>";
		};
/* End PBXGroup section */

/* Begin PBXNativeTarget section */
		4F6B37AF2C1FC71B00C48947 /* OneSecond */ = {
			isa = PBXNativeTarget;
			buildConfigurationList = 4F6B37D42C1FC71C00C48947 /* Build configuration list for PBXNativeTarget "OneSecond" */;
			buildPhases = (
				4F6B37AC2C1FC71B00C48947 /* Sources */,
				4F6B37AD2C1FC71B00C48947 /* Frameworks */,
				4F6B37AE2C1FC71B00C48947 /* Resources */,
			);
			buildRules = (
			);
			dependencies = (
			);
			name = OneSecond;
			productName = OneSecond;
			productReference = 4F6B37B02C1FC71B00C48947 /* OneSecond.app */;
			productType = "com.apple.product-type.application";
		};
		4F6B37BF2C1FC71C00C48947 /* OneSecondTests */ = {
			isa = PBXNativeTarget;
			buildConfigurationList = 4F6B37D72C1FC71C00C48947 /* Build configuration list for PBXNativeTarget "OneSecondTests" */;
			buildPhases = (
				4F6B37BC2C1FC71C00C48947 /* Sources */,
				4F6B37BD2C1FC71C00C48947 /* Frameworks */,
				4F6B37BE2C1FC71C00C48947 /* Resources */,
			);
			buildRules = (
			);
			dependencies = (
				4F6B37C22C1FC71C00C48947 /* PBXTargetDependency */,
			);
			name = OneSecondTests;
			productName = OneSecondTests;
			productReference = 4F6B37C02C1FC71C00C48947 /* OneSecondTests.xctest */;
			productType = "com.apple.product-type.bundle.unit-test";
		};
		4F6B37C92C1FC71C00C48947 /* OneSecondUITests */ = {
			isa = PBXNativeTarget;
			buildConfigurationList = 4F6B37DA2C1FC71C00C48947 /* Build configuration list for PBXNativeTarget "OneSecondUITests" */;
			buildPhases = (
				4F6B37C62C1FC71C00C48947 /* Sources */,
				4F6B37C72C1FC71C00C48947 /* Frameworks */,
				4F6B37C82C1FC71C00C48947 /* Resources */,
			);
			buildRules = (
			);
			dependencies = (
				4F6B37CC2C1FC71C00C48947 /* PBXTargetDependency */,
			);
			name = OneSecondUITests;
			productName = OneSecondUITests;
			productReference = 4F6B37CA2C1FC71C00C48947 /* OneSecondUITests.xctest */;
			productType = "com.apple.product-type.bundle.ui-testing";
		};
/* End PBXNativeTarget section */

/* Begin PBXProject section */
		4F6B37A82C1FC71B00C48947 /* Project object */ = {
			isa = PBXProject;
			attributes = {
				BuildIndependentTargetsInParallel = 1;
				LastSwiftUpdateCheck = 1530;
				LastUpgradeCheck = 1530;
				TargetAttributes = {
					4F6B37AF2C1FC71B00C48947 = {
						CreatedOnToolsVersion = 15.3;
					};
					4F6B37BF2C1FC71C00C48947 = {
						CreatedOnToolsVersion = 15.3;
						TestTargetID = 4F6B37AF2C1FC71B00C48947;
					};
					4F6B37C92C1FC71C00C48947 = {
						CreatedOnToolsVersion = 15.3;
						TestTargetID = 4F6B37AF2C1FC71B00C48947;
					};
				};
			};
			buildConfigurationList = 4F6B37AB2C1FC71B00C48947 /* Build configuration list for PBXProject "OneSecond" */;
			compatibilityVersion = "Xcode 14.0";
			developmentRegion = en;
			hasScannedForEncodings = 0;
			knownRegions = (
				en,
				Base,
			);
			mainGroup = 4F6B37A72C1FC71B00C48947;
			productRefGroup = 4F6B37B12C1FC71B00C48947 /* Products */;
			projectDirPath = "";
			projectRoot = "";
			targets = (
				4F6B37AF2C1FC71B00C48947 /* OneSecond */,
				4F6B37BF2C1FC71C00C48947 /* OneSecondTests */,
				4F6B37C92C1FC71C00C48947 /* OneSecondUITests */,
			);
		};
/* End PBXProject section */

/* Begin PBXResourcesBuildPhase section */
		4F6B37AE2C1FC71B00C48947 /* Resources */ = {
			isa = PBXResourcesBuildPhase;
			buildActionMask = 2147483647;
			files = (
				4F6B37BB2C1FC71C00C48947 /* Preview Assets.xcassets in Resources */,
				4F6B37F52C1FCF8300C48947 /* Pretendard-Light.otf in Resources */,
				4F6B37F62C1FCF8300C48947 /* Pretendard-ExtraBold.otf in Resources */,
				4F6B37F22C1FCF8300C48947 /* Pretendard-Bold.otf in Resources */,
				4F6B37F42C1FCF8300C48947 /* Pretendard-Thin.otf in Resources */,
				4F6B37B82C1FC71C00C48947 /* Assets.xcassets in Resources */,
				4F6B37F82C1FCF8300C48947 /* Pretendard-Black.otf in Resources */,
				4F6B37F32C1FCF8300C48947 /* Pretendard-SemiBold.otf in Resources */,
				4F6B37F72C1FCF8300C48947 /* Pretendard-Regular.otf in Resources */,
				4F6B37F12C1FCF8300C48947 /* Pretendard-ExtraLight.otf in Resources */,
				4F6B37F02C1FCF8300C48947 /* Pretendard-Medium.otf in Resources */,
			);
			runOnlyForDeploymentPostprocessing = 0;
		};
		4F6B37BE2C1FC71C00C48947 /* Resources */ = {
			isa = PBXResourcesBuildPhase;
			buildActionMask = 2147483647;
			files = (
			);
			runOnlyForDeploymentPostprocessing = 0;
		};
		4F6B37C82C1FC71C00C48947 /* Resources */ = {
			isa = PBXResourcesBuildPhase;
			buildActionMask = 2147483647;
			files = (
			);
			runOnlyForDeploymentPostprocessing = 0;
		};
/* End PBXResourcesBuildPhase section */

/* Begin PBXSourcesBuildPhase section */
		4F6B37AC2C1FC71B00C48947 /* Sources */ = {
			isa = PBXSourcesBuildPhase;
			buildActionMask = 2147483647;
			files = (
				4F6B38052C20796500C48947 /* Color+.swift in Sources */,
				4F6B37FB2C1FD07200C48947 /* Pretendard.swift in Sources */,
				4F6B37FD2C1FD89000C48947 /* MusicManager.swift in Sources */,
				4F6B380B2C2097C800C48947 /* SelectOptionView.swift in Sources */,
				4F6B38072C20921900C48947 /* SelectYearView.swift in Sources */,
				4F6B38112C211E3C00C48947 /* YearModel.swift in Sources */,
				4F6B37B62C1FC71B00C48947 /* ContentView.swift in Sources */,
				4F6B37B42C1FC71B00C48947 /* OneSecondApp.swift in Sources */,
				4F6B380F2C21138D00C48947 /* QuizView.swift in Sources */,
				4F6B38012C2061A800C48947 /* OnboardingView.swift in Sources */,
				4F6B380D2C20A80100C48947 /* NavigationManager.swift in Sources */,
			);
			runOnlyForDeploymentPostprocessing = 0;
		};
		4F6B37BC2C1FC71C00C48947 /* Sources */ = {
			isa = PBXSourcesBuildPhase;
			buildActionMask = 2147483647;
			files = (
				4F6B37C52C1FC71C00C48947 /* OneSecondTests.swift in Sources */,
			);
			runOnlyForDeploymentPostprocessing = 0;
		};
		4F6B37C62C1FC71C00C48947 /* Sources */ = {
			isa = PBXSourcesBuildPhase;
			buildActionMask = 2147483647;
			files = (
				4F6B37CF2C1FC71C00C48947 /* OneSecondUITests.swift in Sources */,
				4F6B37D12C1FC71C00C48947 /* OneSecondUITestsLaunchTests.swift in Sources */,
			);
			runOnlyForDeploymentPostprocessing = 0;
		};
/* End PBXSourcesBuildPhase section */

/* Begin PBXTargetDependency section */
		4F6B37C22C1FC71C00C48947 /* PBXTargetDependency */ = {
			isa = PBXTargetDependency;
			target = 4F6B37AF2C1FC71B00C48947 /* OneSecond */;
			targetProxy = 4F6B37C12C1FC71C00C48947 /* PBXContainerItemProxy */;
		};
		4F6B37CC2C1FC71C00C48947 /* PBXTargetDependency */ = {
			isa = PBXTargetDependency;
			target = 4F6B37AF2C1FC71B00C48947 /* OneSecond */;
			targetProxy = 4F6B37CB2C1FC71C00C48947 /* PBXContainerItemProxy */;
		};
/* End PBXTargetDependency section */

/* Begin XCBuildConfiguration section */
		4F6B37D22C1FC71C00C48947 /* Debug */ = {
			isa = XCBuildConfiguration;
			buildSettings = {
				ALWAYS_SEARCH_USER_PATHS = NO;
				ASSETCATALOG_COMPILER_GENERATE_SWIFT_ASSET_SYMBOL_EXTENSIONS = YES;
				CLANG_ANALYZER_NONNULL = YES;
				CLANG_ANALYZER_NUMBER_OBJECT_CONVERSION = YES_AGGRESSIVE;
				CLANG_CXX_LANGUAGE_STANDARD = "gnu++20";
				CLANG_ENABLE_MODULES = YES;
				CLANG_ENABLE_OBJC_ARC = YES;
				CLANG_ENABLE_OBJC_WEAK = YES;
				CLANG_WARN_BLOCK_CAPTURE_AUTORELEASING = YES;
				CLANG_WARN_BOOL_CONVERSION = YES;
				CLANG_WARN_COMMA = YES;
				CLANG_WARN_CONSTANT_CONVERSION = YES;
				CLANG_WARN_DEPRECATED_OBJC_IMPLEMENTATIONS = YES;
				CLANG_WARN_DIRECT_OBJC_ISA_USAGE = YES_ERROR;
				CLANG_WARN_DOCUMENTATION_COMMENTS = YES;
				CLANG_WARN_EMPTY_BODY = YES;
				CLANG_WARN_ENUM_CONVERSION = YES;
				CLANG_WARN_INFINITE_RECURSION = YES;
				CLANG_WARN_INT_CONVERSION = YES;
				CLANG_WARN_NON_LITERAL_NULL_CONVERSION = YES;
				CLANG_WARN_OBJC_IMPLICIT_RETAIN_SELF = YES;
				CLANG_WARN_OBJC_LITERAL_CONVERSION = YES;
				CLANG_WARN_OBJC_ROOT_CLASS = YES_ERROR;
				CLANG_WARN_QUOTED_INCLUDE_IN_FRAMEWORK_HEADER = YES;
				CLANG_WARN_RANGE_LOOP_ANALYSIS = YES;
				CLANG_WARN_STRICT_PROTOTYPES = YES;
				CLANG_WARN_SUSPICIOUS_MOVE = YES;
				CLANG_WARN_UNGUARDED_AVAILABILITY = YES_AGGRESSIVE;
				CLANG_WARN_UNREACHABLE_CODE = YES;
				CLANG_WARN__DUPLICATE_METHOD_MATCH = YES;
				COPY_PHASE_STRIP = NO;
				DEBUG_INFORMATION_FORMAT = dwarf;
				ENABLE_STRICT_OBJC_MSGSEND = YES;
				ENABLE_TESTABILITY = YES;
				ENABLE_USER_SCRIPT_SANDBOXING = YES;
				GCC_C_LANGUAGE_STANDARD = gnu17;
				GCC_DYNAMIC_NO_PIC = NO;
				GCC_NO_COMMON_BLOCKS = YES;
				GCC_OPTIMIZATION_LEVEL = 0;
				GCC_PREPROCESSOR_DEFINITIONS = (
					"DEBUG=1",
					"$(inherited)",
				);
				GCC_WARN_64_TO_32_BIT_CONVERSION = YES;
				GCC_WARN_ABOUT_RETURN_TYPE = YES_ERROR;
				GCC_WARN_UNDECLARED_SELECTOR = YES;
				GCC_WARN_UNINITIALIZED_AUTOS = YES_AGGRESSIVE;
				GCC_WARN_UNUSED_FUNCTION = YES;
				GCC_WARN_UNUSED_VARIABLE = YES;
				IPHONEOS_DEPLOYMENT_TARGET = 17.4;
				LOCALIZATION_PREFERS_STRING_CATALOGS = YES;
				MTL_ENABLE_DEBUG_INFO = INCLUDE_SOURCE;
				MTL_FAST_MATH = YES;
				ONLY_ACTIVE_ARCH = YES;
				SDKROOT = iphoneos;
				SWIFT_ACTIVE_COMPILATION_CONDITIONS = "DEBUG $(inherited)";
				SWIFT_OPTIMIZATION_LEVEL = "-Onone";
			};
			name = Debug;
		};
		4F6B37D32C1FC71C00C48947 /* Release */ = {
			isa = XCBuildConfiguration;
			buildSettings = {
				ALWAYS_SEARCH_USER_PATHS = NO;
				ASSETCATALOG_COMPILER_GENERATE_SWIFT_ASSET_SYMBOL_EXTENSIONS = YES;
				CLANG_ANALYZER_NONNULL = YES;
				CLANG_ANALYZER_NUMBER_OBJECT_CONVERSION = YES_AGGRESSIVE;
				CLANG_CXX_LANGUAGE_STANDARD = "gnu++20";
				CLANG_ENABLE_MODULES = YES;
				CLANG_ENABLE_OBJC_ARC = YES;
				CLANG_ENABLE_OBJC_WEAK = YES;
				CLANG_WARN_BLOCK_CAPTURE_AUTORELEASING = YES;
				CLANG_WARN_BOOL_CONVERSION = YES;
				CLANG_WARN_COMMA = YES;
				CLANG_WARN_CONSTANT_CONVERSION = YES;
				CLANG_WARN_DEPRECATED_OBJC_IMPLEMENTATIONS = YES;
				CLANG_WARN_DIRECT_OBJC_ISA_USAGE = YES_ERROR;
				CLANG_WARN_DOCUMENTATION_COMMENTS = YES;
				CLANG_WARN_EMPTY_BODY = YES;
				CLANG_WARN_ENUM_CONVERSION = YES;
				CLANG_WARN_INFINITE_RECURSION = YES;
				CLANG_WARN_INT_CONVERSION = YES;
				CLANG_WARN_NON_LITERAL_NULL_CONVERSION = YES;
				CLANG_WARN_OBJC_IMPLICIT_RETAIN_SELF = YES;
				CLANG_WARN_OBJC_LITERAL_CONVERSION = YES;
				CLANG_WARN_OBJC_ROOT_CLASS = YES_ERROR;
				CLANG_WARN_QUOTED_INCLUDE_IN_FRAMEWORK_HEADER = YES;
				CLANG_WARN_RANGE_LOOP_ANALYSIS = YES;
				CLANG_WARN_STRICT_PROTOTYPES = YES;
				CLANG_WARN_SUSPICIOUS_MOVE = YES;
				CLANG_WARN_UNGUARDED_AVAILABILITY = YES_AGGRESSIVE;
				CLANG_WARN_UNREACHABLE_CODE = YES;
				CLANG_WARN__DUPLICATE_METHOD_MATCH = YES;
				COPY_PHASE_STRIP = NO;
				DEBUG_INFORMATION_FORMAT = "dwarf-with-dsym";
				ENABLE_NS_ASSERTIONS = NO;
				ENABLE_STRICT_OBJC_MSGSEND = YES;
				ENABLE_USER_SCRIPT_SANDBOXING = YES;
				GCC_C_LANGUAGE_STANDARD = gnu17;
				GCC_NO_COMMON_BLOCKS = YES;
				GCC_WARN_64_TO_32_BIT_CONVERSION = YES;
				GCC_WARN_ABOUT_RETURN_TYPE = YES_ERROR;
				GCC_WARN_UNDECLARED_SELECTOR = YES;
				GCC_WARN_UNINITIALIZED_AUTOS = YES_AGGRESSIVE;
				GCC_WARN_UNUSED_FUNCTION = YES;
				GCC_WARN_UNUSED_VARIABLE = YES;
				IPHONEOS_DEPLOYMENT_TARGET = 17.4;
				LOCALIZATION_PREFERS_STRING_CATALOGS = YES;
				MTL_ENABLE_DEBUG_INFO = NO;
				MTL_FAST_MATH = YES;
				SDKROOT = iphoneos;
				SWIFT_COMPILATION_MODE = wholemodule;
				VALIDATE_PRODUCT = YES;
			};
			name = Release;
		};
		4F6B37D52C1FC71C00C48947 /* Debug */ = {
			isa = XCBuildConfiguration;
			buildSettings = {
				ASSETCATALOG_COMPILER_APPICON_NAME = AppIcon;
				ASSETCATALOG_COMPILER_GLOBAL_ACCENT_COLOR_NAME = AccentColor;
				CODE_SIGN_STYLE = Automatic;
				CURRENT_PROJECT_VERSION = 1;
				DEVELOPMENT_ASSET_PATHS = "\"OneSecond/Preview Content\"";
				DEVELOPMENT_TEAM = 56D5DRN4CX;
				ENABLE_PREVIEWS = YES;
				GENERATE_INFOPLIST_FILE = YES;
				INFOPLIST_FILE = OneSecond/Info.plist;
				INFOPLIST_KEY_NSAppleMusicUsageDescription = "앱에서 음악 라이브러리 접근 권한이 필요합니다.";
				INFOPLIST_KEY_UIApplicationSceneManifest_Generation = YES;
				INFOPLIST_KEY_UIApplicationSupportsIndirectInputEvents = YES;
				INFOPLIST_KEY_UILaunchScreen_Generation = YES;
				INFOPLIST_KEY_UISupportedInterfaceOrientations_iPad = "UIInterfaceOrientationPortrait UIInterfaceOrientationPortraitUpsideDown UIInterfaceOrientationLandscapeLeft UIInterfaceOrientationLandscapeRight";
				INFOPLIST_KEY_UISupportedInterfaceOrientations_iPhone = "UIInterfaceOrientationPortrait UIInterfaceOrientationLandscapeLeft UIInterfaceOrientationLandscapeRight";
				LD_RUNPATH_SEARCH_PATHS = (
					"$(inherited)",
					"@executable_path/Frameworks",
				);
				MARKETING_VERSION = 1.0;
				PRODUCT_BUNDLE_IDENTIFIER = com.Seodongwon.OneSecond;
				PRODUCT_NAME = "$(TARGET_NAME)";
				SWIFT_EMIT_LOC_STRINGS = YES;
				SWIFT_VERSION = 5.0;
				TARGETED_DEVICE_FAMILY = "1,2";
			};
			name = Debug;
		};
		4F6B37D62C1FC71C00C48947 /* Release */ = {
			isa = XCBuildConfiguration;
			buildSettings = {
				ASSETCATALOG_COMPILER_APPICON_NAME = AppIcon;
				ASSETCATALOG_COMPILER_GLOBAL_ACCENT_COLOR_NAME = AccentColor;
				CODE_SIGN_STYLE = Automatic;
				CURRENT_PROJECT_VERSION = 1;
				DEVELOPMENT_ASSET_PATHS = "\"OneSecond/Preview Content\"";
				DEVELOPMENT_TEAM = 56D5DRN4CX;
				ENABLE_PREVIEWS = YES;
				GENERATE_INFOPLIST_FILE = YES;
				INFOPLIST_FILE = OneSecond/Info.plist;
				INFOPLIST_KEY_NSAppleMusicUsageDescription = "앱에서 음악 라이브러리 접근 권한이 필요합니다.";
				INFOPLIST_KEY_UIApplicationSceneManifest_Generation = YES;
				INFOPLIST_KEY_UIApplicationSupportsIndirectInputEvents = YES;
				INFOPLIST_KEY_UILaunchScreen_Generation = YES;
				INFOPLIST_KEY_UISupportedInterfaceOrientations_iPad = "UIInterfaceOrientationPortrait UIInterfaceOrientationPortraitUpsideDown UIInterfaceOrientationLandscapeLeft UIInterfaceOrientationLandscapeRight";
				INFOPLIST_KEY_UISupportedInterfaceOrientations_iPhone = "UIInterfaceOrientationPortrait UIInterfaceOrientationLandscapeLeft UIInterfaceOrientationLandscapeRight";
				LD_RUNPATH_SEARCH_PATHS = (
					"$(inherited)",
					"@executable_path/Frameworks",
				);
				MARKETING_VERSION = 1.0;
				PRODUCT_BUNDLE_IDENTIFIER = com.Seodongwon.OneSecond;
				PRODUCT_NAME = "$(TARGET_NAME)";
				SWIFT_EMIT_LOC_STRINGS = YES;
				SWIFT_VERSION = 5.0;
				TARGETED_DEVICE_FAMILY = "1,2";
			};
			name = Release;
		};
		4F6B37D82C1FC71C00C48947 /* Debug */ = {
			isa = XCBuildConfiguration;
			buildSettings = {
				ALWAYS_EMBED_SWIFT_STANDARD_LIBRARIES = YES;
				BUNDLE_LOADER = "$(TEST_HOST)";
				CODE_SIGN_STYLE = Automatic;
				CURRENT_PROJECT_VERSION = 1;
				DEVELOPMENT_TEAM = U6CCD5BT22;
				GENERATE_INFOPLIST_FILE = YES;
				IPHONEOS_DEPLOYMENT_TARGET = 17.4;
				MARKETING_VERSION = 1.0;
				PRODUCT_BUNDLE_IDENTIFIER = com.Seodongwon.OneSecondTests;
				PRODUCT_NAME = "$(TARGET_NAME)";
				SWIFT_EMIT_LOC_STRINGS = NO;
				SWIFT_VERSION = 5.0;
				TARGETED_DEVICE_FAMILY = "1,2";
				TEST_HOST = "$(BUILT_PRODUCTS_DIR)/OneSecond.app/$(BUNDLE_EXECUTABLE_FOLDER_PATH)/OneSecond";
			};
			name = Debug;
		};
		4F6B37D92C1FC71C00C48947 /* Release */ = {
			isa = XCBuildConfiguration;
			buildSettings = {
				ALWAYS_EMBED_SWIFT_STANDARD_LIBRARIES = YES;
				BUNDLE_LOADER = "$(TEST_HOST)";
				CODE_SIGN_STYLE = Automatic;
				CURRENT_PROJECT_VERSION = 1;
				DEVELOPMENT_TEAM = U6CCD5BT22;
				GENERATE_INFOPLIST_FILE = YES;
				IPHONEOS_DEPLOYMENT_TARGET = 17.4;
				MARKETING_VERSION = 1.0;
				PRODUCT_BUNDLE_IDENTIFIER = com.Seodongwon.OneSecondTests;
				PRODUCT_NAME = "$(TARGET_NAME)";
				SWIFT_EMIT_LOC_STRINGS = NO;
				SWIFT_VERSION = 5.0;
				TARGETED_DEVICE_FAMILY = "1,2";
				TEST_HOST = "$(BUILT_PRODUCTS_DIR)/OneSecond.app/$(BUNDLE_EXECUTABLE_FOLDER_PATH)/OneSecond";
			};
			name = Release;
		};
		4F6B37DB2C1FC71C00C48947 /* Debug */ = {
			isa = XCBuildConfiguration;
			buildSettings = {
				ALWAYS_EMBED_SWIFT_STANDARD_LIBRARIES = YES;
				CODE_SIGN_STYLE = Automatic;
				CURRENT_PROJECT_VERSION = 1;
				DEVELOPMENT_TEAM = U6CCD5BT22;
				GENERATE_INFOPLIST_FILE = YES;
				MARKETING_VERSION = 1.0;
				PRODUCT_BUNDLE_IDENTIFIER = com.Seodongwon.OneSecondUITests;
				PRODUCT_NAME = "$(TARGET_NAME)";
				SWIFT_EMIT_LOC_STRINGS = NO;
				SWIFT_VERSION = 5.0;
				TARGETED_DEVICE_FAMILY = "1,2";
				TEST_TARGET_NAME = OneSecond;
			};
			name = Debug;
		};
		4F6B37DC2C1FC71C00C48947 /* Release */ = {
			isa = XCBuildConfiguration;
			buildSettings = {
				ALWAYS_EMBED_SWIFT_STANDARD_LIBRARIES = YES;
				CODE_SIGN_STYLE = Automatic;
				CURRENT_PROJECT_VERSION = 1;
				DEVELOPMENT_TEAM = U6CCD5BT22;
				GENERATE_INFOPLIST_FILE = YES;
				MARKETING_VERSION = 1.0;
				PRODUCT_BUNDLE_IDENTIFIER = com.Seodongwon.OneSecondUITests;
				PRODUCT_NAME = "$(TARGET_NAME)";
				SWIFT_EMIT_LOC_STRINGS = NO;
				SWIFT_VERSION = 5.0;
				TARGETED_DEVICE_FAMILY = "1,2";
				TEST_TARGET_NAME = OneSecond;
			};
			name = Release;
		};
/* End XCBuildConfiguration section */

/* Begin XCConfigurationList section */
		4F6B37AB2C1FC71B00C48947 /* Build configuration list for PBXProject "OneSecond" */ = {
			isa = XCConfigurationList;
			buildConfigurations = (
				4F6B37D22C1FC71C00C48947 /* Debug */,
				4F6B37D32C1FC71C00C48947 /* Release */,
			);
			defaultConfigurationIsVisible = 0;
			defaultConfigurationName = Release;
		};
		4F6B37D42C1FC71C00C48947 /* Build configuration list for PBXNativeTarget "OneSecond" */ = {
			isa = XCConfigurationList;
			buildConfigurations = (
				4F6B37D52C1FC71C00C48947 /* Debug */,
				4F6B37D62C1FC71C00C48947 /* Release */,
			);
			defaultConfigurationIsVisible = 0;
			defaultConfigurationName = Release;
		};
		4F6B37D72C1FC71C00C48947 /* Build configuration list for PBXNativeTarget "OneSecondTests" */ = {
			isa = XCConfigurationList;
			buildConfigurations = (
				4F6B37D82C1FC71C00C48947 /* Debug */,
				4F6B37D92C1FC71C00C48947 /* Release */,
			);
			defaultConfigurationIsVisible = 0;
			defaultConfigurationName = Release;
		};
		4F6B37DA2C1FC71C00C48947 /* Build configuration list for PBXNativeTarget "OneSecondUITests" */ = {
			isa = XCConfigurationList;
			buildConfigurations = (
				4F6B37DB2C1FC71C00C48947 /* Debug */,
				4F6B37DC2C1FC71C00C48947 /* Release */,
			);
			defaultConfigurationIsVisible = 0;
			defaultConfigurationName = Release;
		};
/* End XCConfigurationList section */
	};
	rootObject = 4F6B37A82C1FC71B00C48947 /* Project object */;
}
